
Microsoft Visual Studio Solution File, Format Version 12.00
# Visual Studio Version 17
VisualStudioVersion = 17.13.35931.197
MinimumVisualStudioVersion = 10.0.40219.1
Project("{FAE04EC0-301F-11D3-BF4B-00C04F79EFBC}") = "Dominio", "Dominio\Dominio.csproj", "{02400E04-1422-46FF-9B72-25CD6CA09DD6}"
EndProject
Project("{FAE04EC0-301F-11D3-BF4B-00C04F79EFBC}") = "Negocio", "Negocio\Negocio.csproj", "{3DEF43C1-F7CE-4F71-8388-C64D48D7B6E1}"
EndProject
Project("{FAE04EC0-301F-11D3-BF4B-00C04F79EFBC}") = "PokedexWinforms", "WinForms\PokedexWinforms.csproj", "{F36C2B49-E609-4DCC-807C-32CA04ED3057}"
EndProject
Global
	GlobalSection(SolutionConfigurationPlatforms) = preSolution
		Debug|Any CPU = Debug|Any CPU
		Release|Any CPU = Release|Any CPU
	EndGlobalSection
	GlobalSection(ProjectConfigurationPlatforms) = postSolution
		{02400E04-1422-46FF-9B72-25CD6CA09DD6}.Debug|Any CPU.ActiveCfg = Debug|Any CPU
		{02400E04-1422-46FF-9B72-25CD6CA09DD6}.Debug|Any CPU.Build.0 = Debug|Any CPU
		{02400E04-1422-46FF-9B72-25CD6CA09DD6}.Release|Any CPU.ActiveCfg = Release|Any CPU
		{02400E04-1422-46FF-9B72-25CD6CA09DD6}.Release|Any CPU.Build.0 = Release|Any CPU
		{3DEF43C1-F7CE-4F71-8388-C64D48D7B6E1}.Debug|Any CPU.ActiveCfg = Debug|Any CPU
		{3DEF43C1-F7CE-4F71-8388-C64D48D7B6E1}.Debug|Any CPU.Build.0 = Debug|Any CPU
		{3DEF43C1-F7CE-4F71-8388-C64D48D7B6E1}.Release|Any CPU.ActiveCfg = Release|Any CPU
		{3DEF43C1-F7CE-4F71-8388-C64D48D7B6E1}.Release|Any CPU.Build.0 = Release|Any CPU
		{F36C2B49-E609-4DCC-807C-32CA04ED3057}.Debug|Any CPU.ActiveCfg = Debug|Any CPU
		{F36C2B49-E609-4DCC-807C-32CA04ED3057}.Debug|Any CPU.Build.0 = Debug|Any CPU
		{F36C2B49-E609-4DCC-807C-32CA04ED3057}.Release|Any CPU.ActiveCfg = Release|Any CPU
		{F36C2B49-E609-4DCC-807C-32CA04ED3057}.Release|Any CPU.Build.0 = Release|Any CPU
	EndGlobalSection
	GlobalSection(SolutionProperties) = preSolution
		HideSolutionNode = FALSE
	EndGlobalSection
	GlobalSection(ExtensibilityGlobals) = postSolution
		SolutionGuid = {4186803A-83E9-477E-9A08-339A4856F477}
	EndGlobalSection
EndGlobal
